
Microsoft Visual Studio Solution File, Format Version 12.00
# Visual Studio Version 16
VisualStudioVersion = 16.0.31005.135
MinimumVisualStudioVersion = 10.0.40219.1
Project("{FAE04EC0-301F-11D3-BF4B-00C04F79EFBC}") = "eShop", "eShop\eShop.csproj", "{853DC57C-A377-4D29-AA9D-39C3C70B1024}"
EndProject
Global
	GlobalSection(SolutionConfigurationPlatforms) = preSolution
		Debug|Any CPU = Debug|Any CPU
		Release|Any CPU = Release|Any CPU
	EndGlobalSection
	GlobalSection(ProjectConfigurationPlatforms) = postSolution
		{853DC57C-A377-4D29-AA9D-39C3C70B1024}.Debug|Any CPU.ActiveCfg = Debug|Any CPU
		{853DC57C-A377-4D29-AA9D-39C3C70B1024}.Debug|Any CPU.Build.0 = Debug|Any CPU
		{853DC57C-A377-4D29-AA9D-39C3C70B1024}.Release|Any CPU.ActiveCfg = Release|Any CPU
		{853DC57C-A377-4D29-AA9D-39C3C70B1024}.Release|Any CPU.Build.0 = Release|Any CPU
	EndGlobalSection
	GlobalSection(SolutionProperties) = preSolution
		HideSolutionNode = FALSE
	EndGlobalSection
	GlobalSection(ExtensibilityGlobals) = postSolution
		SolutionGuid = {7460CCF1-0F96-4AA5-B8D7-76F1DBCCDA9B}
	EndGlobalSection
EndGlobal
